MAME_LOCK_VERSION=0.288
MAME_LOCK_TAG=mame0288
MAME_LOCK_URL=https://github.com/mamedev/mame/archive/refs/tags/mame0288.tar.gz
MAME_LOCK_SHA256=244d916eb3fb8bcd71f2ac51ae71ab6af8cf99869ea7b85d7efc7339ea56c563
MAME_LOCK_PATCHSET_SHA256=0168da403587d87b3d92f02b6fcaaa8ef9ff91f2b2e3c6ac1d8ddcff87e7abfb
