PCSX2_REPO=https://github.com/PCSX2/pcsx2.git
PCSX2_COMMIT=bc8151d2a46d4aba039ea5580afbfc7bfcf6d730
PCSX2_PATCHES_REPO=https://github.com/PCSX2/pcsx2_patches.git
PCSX2_PATCHES_COMMIT=73be6820ff4bc0a12d9123c4b3304fd1600ad3b4
PCSX2_PATCHES_TREE=a10209cf79ddfef9d595fb3377e719202539eabf
PCSX2_PATCHES_ARCHIVE_SHA256=bbaded86ae442cf5b356d94dfd15bdcf0cb397d549da1645cc4bd9c3dc81f05b
PCSX2_HOST_API=8
PCSX2_PATCHSET_SHA256=c1fe9598b2b5a1dc46cb020fd855affebbf2122c09b968e9fffce10ff9ef962e
