PCSX2_REPO=https://github.com/PCSX2/pcsx2.git
PCSX2_COMMIT=bc8151d2a46d4aba039ea5580afbfc7bfcf6d730
PCSX2_PATCHES_REPO=https://github.com/PCSX2/pcsx2_patches.git
PCSX2_PATCHES_COMMIT=73be6820ff4bc0a12d9123c4b3304fd1600ad3b4
PCSX2_PATCHES_TREE=a10209cf79ddfef9d595fb3377e719202539eabf
PCSX2_PATCHES_ARCHIVE_SHA256=bb3b9c7e29f7e5d7e600cbb8e2d60d9525a06b3420b83f7af97047aaa00554da
PCSX2_HOST_API=3
PCSX2_PATCHSET_SHA256=44427215da80a0a686e6b7b3237cb1a6a5bcbe8c008a66d5ad1720cd4ed646e9
