OPENMSX_VERSION=21.0
OPENMSX_URL=https://github.com/openMSX/openMSX/releases/download/RELEASE_21_0/openmsx-21.0.tar.gz
OPENMSX_SHA256=28838bfa974a0b769b04a8820ad7953a7ad0835eb5d1764db173deac75984b6f
OPENMSX_SDL2_COMPAT_PATCH_URL=https://github.com/openMSX/openMSX/commit/bef559e0e2e1413ba8abbef882224a5919214c5a.patch?full_index=1
OPENMSX_SDL2_COMPAT_PATCH_SHA256=3744a1693d43c86a678c416836f0e2fa900023f0b9176c63116080f009c5bbb9
OPENMSX_HOST_API=1
