FLYCAST_REPO=https://github.com/flyinghead/flycast.git
FLYCAST_COMMIT=7ec978e8521f75427ad38eb8f8f4f3cabaa891d0
FLYCAST_SUBMODULES_SHA256=e4d58b941c7126fac1797072b838600a9a389e79734a66e0671d5713447ede32
FLYCAST_SDL_SWAP_PATCH_SHA256=d46b1a9ed10036cc18794e7fb643af5de353831fafd0176c6c0a4a0939a329c7
FLYCAST_TIMING_PATCH_SHA256=9f1162ad5d59431d46dd1ca155d61f07f04b2779973039349e97255b2ea3297e
