M64P_VERSION=2.6.0
M64P_BUNDLE_URL=https://github.com/mupen64plus/mupen64plus-core/releases/download/2.6.0/mupen64plus-bundle-src-2.6.0.tar.gz
M64P_BUNDLE_SHA256=297e17180cd76a7b8ea809d1a1be2c98ed5c7352dc716965a80deb598b21e131
M64P_CORE_COMMIT=b0d68c20f49b8f833afa21450e0e8874c87c13c4
M64P_TEST_ROM_SHA256=b5fe9d650a67091c97838386f5102ad94c79232240f9c5bcc72334097d76224c
M64P_MACOS_UI_PATCH_URL=https://github.com/mupen64plus/mupen64plus-ui-console/commit/1cab2e6dfe46d5fbc4c23e1e7fbb4502a4e57981.patch?full_index=1
M64P_MACOS_UI_PATCH_SHA256=a6e80f36b65406d31f3611f88e695e5c079db52b6f68daa8eb01307f5447194c
M64P_HOST_API=1
