NP2KAI_UPSTREAM=https://github.com/AZO234/NP2kai
NP2KAI_COMMIT=d1a40352e24f943a91966c48211c92e6eb07f3a5
NP2KAI_ARCHIVE_URL=https://github.com/AZO234/NP2kai/archive/d1a40352e24f943a91966c48211c92e6eb07f3a5.tar.gz
NP2KAI_ARCHIVE_SHA256=c82cef301cc926795c2be584f6c61e28dc9aba2fc12084277c6346db1fd5a637
NP2KAI_PATCHSET_SHA256=9fc7a33e1260622421512862a25aaf295ddd8b73346df97663f84b61446afc7f
NP2KAI_BUILD_PROFILE=license-clean-libretro
